
Microsoft Visual Studio Solution File, Format Version 12.00
# Visual Studio Version 17
VisualStudioVersion = 17.0.32126.317
MinimumVisualStudioVersion = 10.0.40219.1
Project("{FAE04EC0-301F-11D3-BF4B-00C04F79EFBC}") = "pz11", "pz11\pz11.csproj", "{97316528-7EEA-49C1-BC16-57D9C3DC464D}"
EndProject
Global
	GlobalSection(SolutionConfigurationPlatforms) = preSolution
		Debug|Any CPU = Debug|Any CPU
		Release|Any CPU = Release|Any CPU
	EndGlobalSection
	GlobalSection(ProjectConfigurationPlatforms) = postSolution
		{97316528-7EEA-49C1-BC16-57D9C3DC464D}.Debug|Any CPU.ActiveCfg = Debug|Any CPU
		{97316528-7EEA-49C1-BC16-57D9C3DC464D}.Debug|Any CPU.Build.0 = Debug|Any CPU
		{97316528-7EEA-49C1-BC16-57D9C3DC464D}.Release|Any CPU.ActiveCfg = Release|Any CPU
		{97316528-7EEA-49C1-BC16-57D9C3DC464D}.Release|Any CPU.Build.0 = Release|Any CPU
	EndGlobalSection
	GlobalSection(SolutionProperties) = preSolution
		HideSolutionNode = FALSE
	EndGlobalSection
	GlobalSection(ExtensibilityGlobals) = postSolution
		SolutionGuid = {791C331C-6324-446C-86C2-E9BC0498DB1F}
	EndGlobalSection
EndGlobal
